
Microsoft Visual Studio Solution File, Format Version 12.00
# Visual Studio 15
Project("{FAE04EC0-301F-11D3-BF4B-00C04F79EFBC}") = "Assembly-CSharp", "Assembly-CSharp.csproj", "{19BBC38F-B612-24D0-97B8-985AA506C9A0}"
EndProject
Project("{FAE04EC0-301F-11D3-BF4B-00C04F79EFBC}") = "Oculus.VR", "Oculus.VR.csproj", "{2BBFC379-3FC5-C520-100A-BD7B6AB8084B}"
EndProject
Project("{FAE04EC0-301F-11D3-BF4B-00C04F79EFBC}") = "Assembly-CSharp-Editor", "Assembly-CSharp-Editor.csproj", "{C093D858-2A3A-21DF-DDB4-783D07EF41BA}"
EndProject
Project("{FAE04EC0-301F-11D3-BF4B-00C04F79EFBC}") = "Oculus.VR.Scripts.Editor", "Oculus.VR.Scripts.Editor.csproj", "{D31CDDE7-4F08-7E9C-6E15-7436AB8BAC70}"
EndProject
Project("{FAE04EC0-301F-11D3-BF4B-00C04F79EFBC}") = "Oculus.VR.Editor", "Oculus.VR.Editor.csproj", "{2B9DF075-1E45-EB1A-4C2C-917A564AB4CF}"
EndProject
Global
	GlobalSection(SolutionConfigurationPlatforms) = preSolution
		Debug|Any CPU = Debug|Any CPU
		Release|Any CPU = Release|Any CPU
	EndGlobalSection
	GlobalSection(ProjectConfigurationPlatforms) = postSolution
		{19BBC38F-B612-24D0-97B8-985AA506C9A0}.Debug|Any CPU.ActiveCfg = Debug|Any CPU
		{19BBC38F-B612-24D0-97B8-985AA506C9A0}.Debug|Any CPU.Build.0 = Debug|Any CPU
		{19BBC38F-B612-24D0-97B8-985AA506C9A0}.Release|Any CPU.ActiveCfg = Release|Any CPU
		{19BBC38F-B612-24D0-97B8-985AA506C9A0}.Release|Any CPU.Build.0 = Release|Any CPU
		{2BBFC379-3FC5-C520-100A-BD7B6AB8084B}.Debug|Any CPU.ActiveCfg = Debug|Any CPU
		{2BBFC379-3FC5-C520-100A-BD7B6AB8084B}.Debug|Any CPU.Build.0 = Debug|Any CPU
		{2BBFC379-3FC5-C520-100A-BD7B6AB8084B}.Release|Any CPU.ActiveCfg = Release|Any CPU
		{2BBFC379-3FC5-C520-100A-BD7B6AB8084B}.Release|Any CPU.Build.0 = Release|Any CPU
		{C093D858-2A3A-21DF-DDB4-783D07EF41BA}.Debug|Any CPU.ActiveCfg = Debug|Any CPU
		{C093D858-2A3A-21DF-DDB4-783D07EF41BA}.Debug|Any CPU.Build.0 = Debug|Any CPU
		{C093D858-2A3A-21DF-DDB4-783D07EF41BA}.Release|Any CPU.ActiveCfg = Release|Any CPU
		{C093D858-2A3A-21DF-DDB4-783D07EF41BA}.Release|Any CPU.Build.0 = Release|Any CPU
		{D31CDDE7-4F08-7E9C-6E15-7436AB8BAC70}.Debug|Any CPU.ActiveCfg = Debug|Any CPU
		{D31CDDE7-4F08-7E9C-6E15-7436AB8BAC70}.Debug|Any CPU.Build.0 = Debug|Any CPU
		{D31CDDE7-4F08-7E9C-6E15-7436AB8BAC70}.Release|Any CPU.ActiveCfg = Release|Any CPU
		{D31CDDE7-4F08-7E9C-6E15-7436AB8BAC70}.Release|Any CPU.Build.0 = Release|Any CPU
		{2B9DF075-1E45-EB1A-4C2C-917A564AB4CF}.Debug|Any CPU.ActiveCfg = Debug|Any CPU
		{2B9DF075-1E45-EB1A-4C2C-917A564AB4CF}.Debug|Any CPU.Build.0 = Debug|Any CPU
		{2B9DF075-1E45-EB1A-4C2C-917A564AB4CF}.Release|Any CPU.ActiveCfg = Release|Any CPU
		{2B9DF075-1E45-EB1A-4C2C-917A564AB4CF}.Release|Any CPU.Build.0 = Release|Any CPU
	EndGlobalSection
	GlobalSection(SolutionProperties) = preSolution
		HideSolutionNode = FALSE
	EndGlobalSection
EndGlobal
